
Microsoft Visual Studio Solution File, Format Version 12.00
# Visual Studio 15
VisualStudioVersion = 15.0.28307.489
MinimumVisualStudioVersion = 10.0.40219.1
Project("{9A19103F-16F7-4668-BE54-9A1E7A4F7556}") = "Toxon.Micro.RabbitBlog.Core", "Toxon.Micro.RabbitBlog.Core\Toxon.Micro.RabbitBlog.Core.csproj", "{CAE81304-4794-4EF4-98E3-851A8BDA1804}"
EndProject
Project("{9A19103F-16F7-4668-BE54-9A1E7A4F7556}") = "Toxon.Micro.RabbitBlog.Router", "Toxon.Micro.RabbitBlog.Router\Toxon.Micro.RabbitBlog.Router.csproj", "{5B31F2C1-1785-4F62-98B3-5B17171BB6E9}"
EndProject
Project("{2150E333-8FDC-42A3-9474-1A3956D46DE8}") = "Core", "Core", "{780DCA89-CF10-45A9-A229-D34C3D8276B1}"
EndProject
Project("{2150E333-8FDC-42A3-9474-1A3956D46DE8}") = "Services", "Services", "{A98B399C-F325-4710-9A3F-634F11DE923C}"
EndProject
Project("{9A19103F-16F7-4668-BE54-9A1E7A4F7556}") = "Toxon.Micro.RabbitBlog.Front", "Toxon.Micro.RabbitBlog.Front\Toxon.Micro.RabbitBlog.Front.csproj", "{9C2338DC-DE2F-47FF-830B-7CFDAFA843E1}"
EndProject
Project("{9A19103F-16F7-4668-BE54-9A1E7A4F7556}") = "Toxon.Micro.RabbitBlog.Post", "Toxon.Micro.RabbitBlog.Post\Toxon.Micro.RabbitBlog.Post.csproj", "{EA5B69EC-5C24-4EDC-B369-D472607E6912}"
EndProject
Project("{9A19103F-16F7-4668-BE54-9A1E7A4F7556}") = "Toxon.Micro.RabbitBlog.EntryStore", "Toxon.Micro.RabbitBlog.EntryStore\Toxon.Micro.RabbitBlog.EntryStore.csproj", "{24AF0388-BB3B-4CEF-A7C8-CCAAC32258C9}"
EndProject
Project("{FAE04EC0-301F-11D3-BF4B-00C04F79EFBC}") = "Toxon.Micro.RabbitBlog.Index", "Toxon.Micro.RabbitBlog.Index\Toxon.Micro.RabbitBlog.Index.csproj", "{B08EE19C-DAB6-42DF-BB08-B431C15CA0A4}"
EndProject
Global
	GlobalSection(SolutionConfigurationPlatforms) = preSolution
		Debug|Any CPU = Debug|Any CPU
		Release|Any CPU = Release|Any CPU
	EndGlobalSection
	GlobalSection(ProjectConfigurationPlatforms) = postSolution
		{CAE81304-4794-4EF4-98E3-851A8BDA1804}.Debug|Any CPU.ActiveCfg = Debug|Any CPU
		{CAE81304-4794-4EF4-98E3-851A8BDA1804}.Debug|Any CPU.Build.0 = Debug|Any CPU
		{CAE81304-4794-4EF4-98E3-851A8BDA1804}.Release|Any CPU.ActiveCfg = Release|Any CPU
		{CAE81304-4794-4EF4-98E3-851A8BDA1804}.Release|Any CPU.Build.0 = Release|Any CPU
		{5B31F2C1-1785-4F62-98B3-5B17171BB6E9}.Debug|Any CPU.ActiveCfg = Debug|Any CPU
		{5B31F2C1-1785-4F62-98B3-5B17171BB6E9}.Debug|Any CPU.Build.0 = Debug|Any CPU
		{5B31F2C1-1785-4F62-98B3-5B17171BB6E9}.Release|Any CPU.ActiveCfg = Release|Any CPU
		{5B31F2C1-1785-4F62-98B3-5B17171BB6E9}.Release|Any CPU.Build.0 = Release|Any CPU
		{9C2338DC-DE2F-47FF-830B-7CFDAFA843E1}.Debug|Any CPU.ActiveCfg = Debug|Any CPU
		{9C2338DC-DE2F-47FF-830B-7CFDAFA843E1}.Debug|Any CPU.Build.0 = Debug|Any CPU
		{9C2338DC-DE2F-47FF-830B-7CFDAFA843E1}.Release|Any CPU.ActiveCfg = Release|Any CPU
		{9C2338DC-DE2F-47FF-830B-7CFDAFA843E1}.Release|Any CPU.Build.0 = Release|Any CPU
		{EA5B69EC-5C24-4EDC-B369-D472607E6912}.Debug|Any CPU.ActiveCfg = Debug|Any CPU
		{EA5B69EC-5C24-4EDC-B369-D472607E6912}.Debug|Any CPU.Build.0 = Debug|Any CPU
		{EA5B69EC-5C24-4EDC-B369-D472607E6912}.Release|Any CPU.ActiveCfg = Release|Any CPU
		{EA5B69EC-5C24-4EDC-B369-D472607E6912}.Release|Any CPU.Build.0 = Release|Any CPU
		{24AF0388-BB3B-4CEF-A7C8-CCAAC32258C9}.Debug|Any CPU.ActiveCfg = Debug|Any CPU
		{24AF0388-BB3B-4CEF-A7C8-CCAAC32258C9}.Debug|Any CPU.Build.0 = Debug|Any CPU
		{24AF0388-BB3B-4CEF-A7C8-CCAAC32258C9}.Release|Any CPU.ActiveCfg = Release|Any CPU
		{24AF0388-BB3B-4CEF-A7C8-CCAAC32258C9}.Release|Any CPU.Build.0 = Release|Any CPU
		{B08EE19C-DAB6-42DF-BB08-B431C15CA0A4}.Debug|Any CPU.ActiveCfg = Debug|Any CPU
		{B08EE19C-DAB6-42DF-BB08-B431C15CA0A4}.Debug|Any CPU.Build.0 = Debug|Any CPU
		{B08EE19C-DAB6-42DF-BB08-B431C15CA0A4}.Release|Any CPU.ActiveCfg = Release|Any CPU
		{B08EE19C-DAB6-42DF-BB08-B431C15CA0A4}.Release|Any CPU.Build.0 = Release|Any CPU
	EndGlobalSection
	GlobalSection(SolutionProperties) = preSolution
		HideSolutionNode = FALSE
	EndGlobalSection
	GlobalSection(NestedProjects) = preSolution
		{CAE81304-4794-4EF4-98E3-851A8BDA1804} = {780DCA89-CF10-45A9-A229-D34C3D8276B1}
		{5B31F2C1-1785-4F62-98B3-5B17171BB6E9} = {780DCA89-CF10-45A9-A229-D34C3D8276B1}
		{9C2338DC-DE2F-47FF-830B-7CFDAFA843E1} = {A98B399C-F325-4710-9A3F-634F11DE923C}
		{EA5B69EC-5C24-4EDC-B369-D472607E6912} = {A98B399C-F325-4710-9A3F-634F11DE923C}
		{24AF0388-BB3B-4CEF-A7C8-CCAAC32258C9} = {A98B399C-F325-4710-9A3F-634F11DE923C}
		{B08EE19C-DAB6-42DF-BB08-B431C15CA0A4} = {A98B399C-F325-4710-9A3F-634F11DE923C}
	EndGlobalSection
	GlobalSection(ExtensibilityGlobals) = postSolution
		SolutionGuid = {767783F3-D6BC-48BB-A42E-9480E22D56C4}
	EndGlobalSection
EndGlobal
