
Microsoft Visual Studio Solution File, Format Version 12.00
# Visual Studio Version 16
VisualStudioVersion = 16.0.28729.10
MinimumVisualStudioVersion = 10.0.40219.1
Project("{9A19103F-16F7-4668-BE54-9A1E7A4F7556}") = "Toxon.Micro.RabbitBlog.Core", "Toxon.Micro.RabbitBlog.Core\Toxon.Micro.RabbitBlog.Core.csproj", "{CAE81304-4794-4EF4-98E3-851A8BDA1804}"
EndProject
Project("{2150E333-8FDC-42A3-9474-1A3956D46DE8}") = "Core", "Core", "{780DCA89-CF10-45A9-A229-D34C3D8276B1}"
EndProject
Project("{2150E333-8FDC-42A3-9474-1A3956D46DE8}") = "Services", "Services", "{A98B399C-F325-4710-9A3F-634F11DE923C}"
EndProject
Project("{9A19103F-16F7-4668-BE54-9A1E7A4F7556}") = "Toxon.Micro.RabbitBlog.Front", "Toxon.Micro.RabbitBlog.Front\Toxon.Micro.RabbitBlog.Front.csproj", "{9C2338DC-DE2F-47FF-830B-7CFDAFA843E1}"
	ProjectSection(ProjectDependencies) = postProject
		{DBE5CF12-8680-427A-87B9-66BA4AAE2729} = {DBE5CF12-8680-427A-87B9-66BA4AAE2729}
	EndProjectSection
EndProject
Project("{9A19103F-16F7-4668-BE54-9A1E7A4F7556}") = "Toxon.Micro.RabbitBlog.Post", "Toxon.Micro.RabbitBlog.Post\Toxon.Micro.RabbitBlog.Post.csproj", "{EA5B69EC-5C24-4EDC-B369-D472607E6912}"
	ProjectSection(ProjectDependencies) = postProject
		{DBE5CF12-8680-427A-87B9-66BA4AAE2729} = {DBE5CF12-8680-427A-87B9-66BA4AAE2729}
	EndProjectSection
EndProject
Project("{9A19103F-16F7-4668-BE54-9A1E7A4F7556}") = "Toxon.Micro.RabbitBlog.EntryStore", "Toxon.Micro.RabbitBlog.EntryStore\Toxon.Micro.RabbitBlog.EntryStore.csproj", "{24AF0388-BB3B-4CEF-A7C8-CCAAC32258C9}"
	ProjectSection(ProjectDependencies) = postProject
		{DBE5CF12-8680-427A-87B9-66BA4AAE2729} = {DBE5CF12-8680-427A-87B9-66BA4AAE2729}
	EndProjectSection
EndProject
Project("{9A19103F-16F7-4668-BE54-9A1E7A4F7556}") = "Toxon.Micro.RabbitBlog.Index", "Toxon.Micro.RabbitBlog.Index\Toxon.Micro.RabbitBlog.Index.csproj", "{B08EE19C-DAB6-42DF-BB08-B431C15CA0A4}"
	ProjectSection(ProjectDependencies) = postProject
		{DBE5CF12-8680-427A-87B9-66BA4AAE2729} = {DBE5CF12-8680-427A-87B9-66BA4AAE2729}
	EndProjectSection
EndProject
Project("{2150E333-8FDC-42A3-9474-1A3956D46DE8}") = "Extensions", "Extensions", "{6CF847AC-0485-4988-BCA7-61535459B9F3}"
EndProject
Project("{9A19103F-16F7-4668-BE54-9A1E7A4F7556}") = "Toxon.Micro.RabbitBlog.Zipkin", "Toxon.Micro.RabbitBlog.Zipkin\Toxon.Micro.RabbitBlog.Zipkin.csproj", "{5D84F789-F09E-44C4-B789-593C543B154C}"
EndProject
Project("{9A19103F-16F7-4668-BE54-9A1E7A4F7556}") = "Toxon.Micro.RabbitBlog.EntryCache", "Toxon.Micro.RabbitBlog.EntryCache\Toxon.Micro.RabbitBlog.EntryCache.csproj", "{45D9129C-102F-4F98-A155-05D1EBB48549}"
	ProjectSection(ProjectDependencies) = postProject
		{DBE5CF12-8680-427A-87B9-66BA4AAE2729} = {DBE5CF12-8680-427A-87B9-66BA4AAE2729}
	EndProjectSection
EndProject
Project("{2150E333-8FDC-42A3-9474-1A3956D46DE8}") = "Solution Items", "Solution Items", "{AFE7D601-2769-4F76-97C2-18D37821D522}"
	ProjectSection(SolutionItems) = preProject
		.travis.yml = .travis.yml
	EndProjectSection
EndProject
Project("{9A19103F-16F7-4668-BE54-9A1E7A4F7556}") = "Toxon.Micro.RabbitBlog.Resilience", "Toxon.Micro.RabbitBlog.Resilience\Toxon.Micro.RabbitBlog.Resilience.csproj", "{E6D22B59-0495-4FA8-92D2-F012016BE27F}"
EndProject
Project("{9A19103F-16F7-4668-BE54-9A1E7A4F7556}") = "Toxon.Micro.RabbitBlog.Routing", "Toxon.Micro.RabbitBlog.Routing\Toxon.Micro.RabbitBlog.Routing.csproj", "{1796D6BF-14FF-4445-ACA2-E4BD7F3402F3}"
EndProject
Project("{9A19103F-16F7-4668-BE54-9A1E7A4F7556}") = "Toxon.Micro.RabbitBlog.Routing.Tests", "Toxon.Micro.RabbitBlog.Routing.Tests\Toxon.Micro.RabbitBlog.Routing.Tests.csproj", "{BBE8C807-FDD5-4F85-B5E9-30A19CE42993}"
EndProject
Project("{2150E333-8FDC-42A3-9474-1A3956D46DE8}") = "RabbitMq", "RabbitMq", "{599246A6-74E4-4C36-BE9B-9798010392B4}"
EndProject
Project("{9A19103F-16F7-4668-BE54-9A1E7A4F7556}") = "Toxon.Micro.RabbitBlog.Rabbit", "Toxon.Micro.RabbitBlog.Rabbit\Toxon.Micro.RabbitBlog.Rabbit.csproj", "{6C9C3B9E-2D13-420B-95AD-E1CECF799093}"
EndProject
Project("{9A19103F-16F7-4668-BE54-9A1E7A4F7556}") = "Toxon.Micro.RabbitBlog.Rabbit.Router", "Toxon.Micro.RabbitBlog.Rabbit.Router\Toxon.Micro.RabbitBlog.Rabbit.Router.csproj", "{B48B24C6-2529-4973-ADF8-746D9A02D638}"
EndProject
Project("{2150E333-8FDC-42A3-9474-1A3956D46DE8}") = "Mesh", "Mesh", "{B168D901-B604-49D3-BE5E-874F7C96C8E4}"
EndProject
Project("{9A19103F-16F7-4668-BE54-9A1E7A4F7556}") = "Toxon.Micro.RabbitBlog.Mesh", "Toxon.Micro.RabbitBlog.Mesh\Toxon.Micro.RabbitBlog.Mesh.csproj", "{6DC0170E-48E6-46A7-9B07-937402D2B7CF}"
EndProject
Project("{9A19103F-16F7-4668-BE54-9A1E7A4F7556}") = "Toxon.Micro.RabbitBlog.Mesh.Base", "Toxon.Micro.RabbitBlog.Mesh.Base\Toxon.Micro.RabbitBlog.Mesh.Base.csproj", "{CE849725-3777-449A-B60D-5811BDBA6852}"
EndProject
Project("{9A19103F-16F7-4668-BE54-9A1E7A4F7556}") = "Toxon.Micro.RabbitBlog.Plugins.Core", "Toxon.Micro.RabbitBlog.Plugins.Core\Toxon.Micro.RabbitBlog.Plugins.Core.csproj", "{D05C133A-D98E-4DC7-95B8-3A79315895A1}"
EndProject
Project("{9A19103F-16F7-4668-BE54-9A1E7A4F7556}") = "Toxon.Micro.RabbitBlog.Plugins.Reflection", "Toxon.Micro.RabbitBlog.Plugins.Reflection\Toxon.Micro.RabbitBlog.Plugins.Reflection.csproj", "{9BE402D5-7BAA-49B5-9AC3-120324493888}"
EndProject
Project("{9A19103F-16F7-4668-BE54-9A1E7A4F7556}") = "Toxon.Micro.RabbitBlog.Mesh.Host", "Toxon.Micro.RabbitBlog.Mesh.Host\Toxon.Micro.RabbitBlog.Mesh.Host.csproj", "{DBE5CF12-8680-427A-87B9-66BA4AAE2729}"
EndProject
Project("{2150E333-8FDC-42A3-9474-1A3956D46DE8}") = "Local", "Local", "{B50AF19F-EEA6-4DB2-8C54-0360E4109AA5}"
EndProject
Project("{9A19103F-16F7-4668-BE54-9A1E7A4F7556}") = "Toxon.Micro.RabbitBlog.Local.Host", "Toxon.Micro.RabbitBlog.Local.Host\Toxon.Micro.RabbitBlog.Local.Host.csproj", "{9FBE9D0B-C11A-4D1D-B8D9-0F573AC42255}"
EndProject
Project("{9A19103F-16F7-4668-BE54-9A1E7A4F7556}") = "Toxon.Micro.RabbitBlog.Serverless.Tool", "Toxon.Micro.RabbitBlog.Serverless.Tool\Toxon.Micro.RabbitBlog.Serverless.Tool.csproj", "{8021B049-0539-472A-AB85-B348D82CF4B5}"
EndProject
Project("{2150E333-8FDC-42A3-9474-1A3956D46DE8}") = "Serverless", "Serverless", "{A5B80104-F79B-487F-A2EF-3FAEF3DDE5BB}"
EndProject
Project("{9A19103F-16F7-4668-BE54-9A1E7A4F7556}") = "Toxon.Micro.RabbitBlog.Serverless.Router", "Toxon.Micro.RabbitBlog.Serverless.Router\Toxon.Micro.RabbitBlog.Serverless.Router.csproj", "{25AFB33E-76EF-4825-9D48-36C8226AFE04}"
EndProject
Project("{9A19103F-16F7-4668-BE54-9A1E7A4F7556}") = "Toxon.Micro.RabbitBlog.Serverless.Host", "Toxon.Micro.RabbitBlog.Serverless.Host\Toxon.Micro.RabbitBlog.Serverless.Host.csproj", "{DECB1EE8-CE10-4992-AF6A-37ADE31E7C9C}"
EndProject
Project("{2150E333-8FDC-42A3-9474-1A3956D46DE8}") = "Hosts", "Hosts", "{E394FA2F-EDDF-4C65-882A-1DBAC3624EFC}"
EndProject
Global
	GlobalSection(SolutionConfigurationPlatforms) = preSolution
		Debug|Any CPU = Debug|Any CPU
		Release|Any CPU = Release|Any CPU
	EndGlobalSection
	GlobalSection(ProjectConfigurationPlatforms) = postSolution
		{CAE81304-4794-4EF4-98E3-851A8BDA1804}.Debug|Any CPU.ActiveCfg = Debug|Any CPU
		{CAE81304-4794-4EF4-98E3-851A8BDA1804}.Debug|Any CPU.Build.0 = Debug|Any CPU
		{CAE81304-4794-4EF4-98E3-851A8BDA1804}.Release|Any CPU.ActiveCfg = Release|Any CPU
		{CAE81304-4794-4EF4-98E3-851A8BDA1804}.Release|Any CPU.Build.0 = Release|Any CPU
		{9C2338DC-DE2F-47FF-830B-7CFDAFA843E1}.Debug|Any CPU.ActiveCfg = Debug|Any CPU
		{9C2338DC-DE2F-47FF-830B-7CFDAFA843E1}.Debug|Any CPU.Build.0 = Debug|Any CPU
		{9C2338DC-DE2F-47FF-830B-7CFDAFA843E1}.Release|Any CPU.ActiveCfg = Release|Any CPU
		{9C2338DC-DE2F-47FF-830B-7CFDAFA843E1}.Release|Any CPU.Build.0 = Release|Any CPU
		{EA5B69EC-5C24-4EDC-B369-D472607E6912}.Debug|Any CPU.ActiveCfg = Debug|Any CPU
		{EA5B69EC-5C24-4EDC-B369-D472607E6912}.Debug|Any CPU.Build.0 = Debug|Any CPU
		{EA5B69EC-5C24-4EDC-B369-D472607E6912}.Release|Any CPU.ActiveCfg = Release|Any CPU
		{EA5B69EC-5C24-4EDC-B369-D472607E6912}.Release|Any CPU.Build.0 = Release|Any CPU
		{24AF0388-BB3B-4CEF-A7C8-CCAAC32258C9}.Debug|Any CPU.ActiveCfg = Debug|Any CPU
		{24AF0388-BB3B-4CEF-A7C8-CCAAC32258C9}.Debug|Any CPU.Build.0 = Debug|Any CPU
		{24AF0388-BB3B-4CEF-A7C8-CCAAC32258C9}.Release|Any CPU.ActiveCfg = Release|Any CPU
		{24AF0388-BB3B-4CEF-A7C8-CCAAC32258C9}.Release|Any CPU.Build.0 = Release|Any CPU
		{B08EE19C-DAB6-42DF-BB08-B431C15CA0A4}.Debug|Any CPU.ActiveCfg = Debug|Any CPU
		{B08EE19C-DAB6-42DF-BB08-B431C15CA0A4}.Debug|Any CPU.Build.0 = Debug|Any CPU
		{B08EE19C-DAB6-42DF-BB08-B431C15CA0A4}.Release|Any CPU.ActiveCfg = Release|Any CPU
		{B08EE19C-DAB6-42DF-BB08-B431C15CA0A4}.Release|Any CPU.Build.0 = Release|Any CPU
		{5D84F789-F09E-44C4-B789-593C543B154C}.Debug|Any CPU.ActiveCfg = Debug|Any CPU
		{5D84F789-F09E-44C4-B789-593C543B154C}.Debug|Any CPU.Build.0 = Debug|Any CPU
		{5D84F789-F09E-44C4-B789-593C543B154C}.Release|Any CPU.ActiveCfg = Release|Any CPU
		{5D84F789-F09E-44C4-B789-593C543B154C}.Release|Any CPU.Build.0 = Release|Any CPU
		{45D9129C-102F-4F98-A155-05D1EBB48549}.Debug|Any CPU.ActiveCfg = Debug|Any CPU
		{45D9129C-102F-4F98-A155-05D1EBB48549}.Debug|Any CPU.Build.0 = Debug|Any CPU
		{45D9129C-102F-4F98-A155-05D1EBB48549}.Release|Any CPU.ActiveCfg = Release|Any CPU
		{45D9129C-102F-4F98-A155-05D1EBB48549}.Release|Any CPU.Build.0 = Release|Any CPU
		{E6D22B59-0495-4FA8-92D2-F012016BE27F}.Debug|Any CPU.ActiveCfg = Debug|Any CPU
		{E6D22B59-0495-4FA8-92D2-F012016BE27F}.Debug|Any CPU.Build.0 = Debug|Any CPU
		{E6D22B59-0495-4FA8-92D2-F012016BE27F}.Release|Any CPU.ActiveCfg = Release|Any CPU
		{E6D22B59-0495-4FA8-92D2-F012016BE27F}.Release|Any CPU.Build.0 = Release|Any CPU
		{1796D6BF-14FF-4445-ACA2-E4BD7F3402F3}.Debug|Any CPU.ActiveCfg = Debug|Any CPU
		{1796D6BF-14FF-4445-ACA2-E4BD7F3402F3}.Debug|Any CPU.Build.0 = Debug|Any CPU
		{1796D6BF-14FF-4445-ACA2-E4BD7F3402F3}.Release|Any CPU.ActiveCfg = Release|Any CPU
		{1796D6BF-14FF-4445-ACA2-E4BD7F3402F3}.Release|Any CPU.Build.0 = Release|Any CPU
		{BBE8C807-FDD5-4F85-B5E9-30A19CE42993}.Debug|Any CPU.ActiveCfg = Debug|Any CPU
		{BBE8C807-FDD5-4F85-B5E9-30A19CE42993}.Debug|Any CPU.Build.0 = Debug|Any CPU
		{BBE8C807-FDD5-4F85-B5E9-30A19CE42993}.Release|Any CPU.ActiveCfg = Release|Any CPU
		{BBE8C807-FDD5-4F85-B5E9-30A19CE42993}.Release|Any CPU.Build.0 = Release|Any CPU
		{6C9C3B9E-2D13-420B-95AD-E1CECF799093}.Debug|Any CPU.ActiveCfg = Debug|Any CPU
		{6C9C3B9E-2D13-420B-95AD-E1CECF799093}.Debug|Any CPU.Build.0 = Debug|Any CPU
		{6C9C3B9E-2D13-420B-95AD-E1CECF799093}.Release|Any CPU.ActiveCfg = Release|Any CPU
		{6C9C3B9E-2D13-420B-95AD-E1CECF799093}.Release|Any CPU.Build.0 = Release|Any CPU
		{B48B24C6-2529-4973-ADF8-746D9A02D638}.Debug|Any CPU.ActiveCfg = Debug|Any CPU
		{B48B24C6-2529-4973-ADF8-746D9A02D638}.Debug|Any CPU.Build.0 = Debug|Any CPU
		{B48B24C6-2529-4973-ADF8-746D9A02D638}.Release|Any CPU.ActiveCfg = Release|Any CPU
		{B48B24C6-2529-4973-ADF8-746D9A02D638}.Release|Any CPU.Build.0 = Release|Any CPU
		{6DC0170E-48E6-46A7-9B07-937402D2B7CF}.Debug|Any CPU.ActiveCfg = Debug|Any CPU
		{6DC0170E-48E6-46A7-9B07-937402D2B7CF}.Debug|Any CPU.Build.0 = Debug|Any CPU
		{6DC0170E-48E6-46A7-9B07-937402D2B7CF}.Release|Any CPU.ActiveCfg = Release|Any CPU
		{6DC0170E-48E6-46A7-9B07-937402D2B7CF}.Release|Any CPU.Build.0 = Release|Any CPU
		{CE849725-3777-449A-B60D-5811BDBA6852}.Debug|Any CPU.ActiveCfg = Debug|Any CPU
		{CE849725-3777-449A-B60D-5811BDBA6852}.Debug|Any CPU.Build.0 = Debug|Any CPU
		{CE849725-3777-449A-B60D-5811BDBA6852}.Release|Any CPU.ActiveCfg = Release|Any CPU
		{CE849725-3777-449A-B60D-5811BDBA6852}.Release|Any CPU.Build.0 = Release|Any CPU
		{D05C133A-D98E-4DC7-95B8-3A79315895A1}.Debug|Any CPU.ActiveCfg = Debug|Any CPU
		{D05C133A-D98E-4DC7-95B8-3A79315895A1}.Debug|Any CPU.Build.0 = Debug|Any CPU
		{D05C133A-D98E-4DC7-95B8-3A79315895A1}.Release|Any CPU.ActiveCfg = Release|Any CPU
		{D05C133A-D98E-4DC7-95B8-3A79315895A1}.Release|Any CPU.Build.0 = Release|Any CPU
		{9BE402D5-7BAA-49B5-9AC3-120324493888}.Debug|Any CPU.ActiveCfg = Debug|Any CPU
		{9BE402D5-7BAA-49B5-9AC3-120324493888}.Debug|Any CPU.Build.0 = Debug|Any CPU
		{9BE402D5-7BAA-49B5-9AC3-120324493888}.Release|Any CPU.ActiveCfg = Release|Any CPU
		{9BE402D5-7BAA-49B5-9AC3-120324493888}.Release|Any CPU.Build.0 = Release|Any CPU
		{DBE5CF12-8680-427A-87B9-66BA4AAE2729}.Debug|Any CPU.ActiveCfg = Debug|Any CPU
		{DBE5CF12-8680-427A-87B9-66BA4AAE2729}.Debug|Any CPU.Build.0 = Debug|Any CPU
		{DBE5CF12-8680-427A-87B9-66BA4AAE2729}.Release|Any CPU.ActiveCfg = Release|Any CPU
		{DBE5CF12-8680-427A-87B9-66BA4AAE2729}.Release|Any CPU.Build.0 = Release|Any CPU
		{9FBE9D0B-C11A-4D1D-B8D9-0F573AC42255}.Debug|Any CPU.ActiveCfg = Debug|Any CPU
		{9FBE9D0B-C11A-4D1D-B8D9-0F573AC42255}.Debug|Any CPU.Build.0 = Debug|Any CPU
		{9FBE9D0B-C11A-4D1D-B8D9-0F573AC42255}.Release|Any CPU.ActiveCfg = Release|Any CPU
		{9FBE9D0B-C11A-4D1D-B8D9-0F573AC42255}.Release|Any CPU.Build.0 = Release|Any CPU
		{8021B049-0539-472A-AB85-B348D82CF4B5}.Debug|Any CPU.ActiveCfg = Debug|Any CPU
		{8021B049-0539-472A-AB85-B348D82CF4B5}.Debug|Any CPU.Build.0 = Debug|Any CPU
		{8021B049-0539-472A-AB85-B348D82CF4B5}.Release|Any CPU.ActiveCfg = Release|Any CPU
		{8021B049-0539-472A-AB85-B348D82CF4B5}.Release|Any CPU.Build.0 = Release|Any CPU
		{25AFB33E-76EF-4825-9D48-36C8226AFE04}.Debug|Any CPU.ActiveCfg = Debug|Any CPU
		{25AFB33E-76EF-4825-9D48-36C8226AFE04}.Debug|Any CPU.Build.0 = Debug|Any CPU
		{25AFB33E-76EF-4825-9D48-36C8226AFE04}.Release|Any CPU.ActiveCfg = Release|Any CPU
		{25AFB33E-76EF-4825-9D48-36C8226AFE04}.Release|Any CPU.Build.0 = Release|Any CPU
		{DECB1EE8-CE10-4992-AF6A-37ADE31E7C9C}.Debug|Any CPU.ActiveCfg = Debug|Any CPU
		{DECB1EE8-CE10-4992-AF6A-37ADE31E7C9C}.Debug|Any CPU.Build.0 = Debug|Any CPU
		{DECB1EE8-CE10-4992-AF6A-37ADE31E7C9C}.Release|Any CPU.ActiveCfg = Release|Any CPU
		{DECB1EE8-CE10-4992-AF6A-37ADE31E7C9C}.Release|Any CPU.Build.0 = Release|Any CPU
	EndGlobalSection
	GlobalSection(SolutionProperties) = preSolution
		HideSolutionNode = FALSE
	EndGlobalSection
	GlobalSection(NestedProjects) = preSolution
		{CAE81304-4794-4EF4-98E3-851A8BDA1804} = {780DCA89-CF10-45A9-A229-D34C3D8276B1}
		{9C2338DC-DE2F-47FF-830B-7CFDAFA843E1} = {A98B399C-F325-4710-9A3F-634F11DE923C}
		{EA5B69EC-5C24-4EDC-B369-D472607E6912} = {A98B399C-F325-4710-9A3F-634F11DE923C}
		{24AF0388-BB3B-4CEF-A7C8-CCAAC32258C9} = {A98B399C-F325-4710-9A3F-634F11DE923C}
		{B08EE19C-DAB6-42DF-BB08-B431C15CA0A4} = {A98B399C-F325-4710-9A3F-634F11DE923C}
		{5D84F789-F09E-44C4-B789-593C543B154C} = {6CF847AC-0485-4988-BCA7-61535459B9F3}
		{45D9129C-102F-4F98-A155-05D1EBB48549} = {A98B399C-F325-4710-9A3F-634F11DE923C}
		{E6D22B59-0495-4FA8-92D2-F012016BE27F} = {6CF847AC-0485-4988-BCA7-61535459B9F3}
		{1796D6BF-14FF-4445-ACA2-E4BD7F3402F3} = {780DCA89-CF10-45A9-A229-D34C3D8276B1}
		{BBE8C807-FDD5-4F85-B5E9-30A19CE42993} = {780DCA89-CF10-45A9-A229-D34C3D8276B1}
		{599246A6-74E4-4C36-BE9B-9798010392B4} = {E394FA2F-EDDF-4C65-882A-1DBAC3624EFC}
		{6C9C3B9E-2D13-420B-95AD-E1CECF799093} = {599246A6-74E4-4C36-BE9B-9798010392B4}
		{B48B24C6-2529-4973-ADF8-746D9A02D638} = {599246A6-74E4-4C36-BE9B-9798010392B4}
		{B168D901-B604-49D3-BE5E-874F7C96C8E4} = {E394FA2F-EDDF-4C65-882A-1DBAC3624EFC}
		{6DC0170E-48E6-46A7-9B07-937402D2B7CF} = {B168D901-B604-49D3-BE5E-874F7C96C8E4}
		{CE849725-3777-449A-B60D-5811BDBA6852} = {B168D901-B604-49D3-BE5E-874F7C96C8E4}
		{D05C133A-D98E-4DC7-95B8-3A79315895A1} = {780DCA89-CF10-45A9-A229-D34C3D8276B1}
		{9BE402D5-7BAA-49B5-9AC3-120324493888} = {780DCA89-CF10-45A9-A229-D34C3D8276B1}
		{DBE5CF12-8680-427A-87B9-66BA4AAE2729} = {B168D901-B604-49D3-BE5E-874F7C96C8E4}
		{B50AF19F-EEA6-4DB2-8C54-0360E4109AA5} = {E394FA2F-EDDF-4C65-882A-1DBAC3624EFC}
		{9FBE9D0B-C11A-4D1D-B8D9-0F573AC42255} = {B50AF19F-EEA6-4DB2-8C54-0360E4109AA5}
		{8021B049-0539-472A-AB85-B348D82CF4B5} = {A5B80104-F79B-487F-A2EF-3FAEF3DDE5BB}
		{A5B80104-F79B-487F-A2EF-3FAEF3DDE5BB} = {E394FA2F-EDDF-4C65-882A-1DBAC3624EFC}
		{25AFB33E-76EF-4825-9D48-36C8226AFE04} = {A5B80104-F79B-487F-A2EF-3FAEF3DDE5BB}
		{DECB1EE8-CE10-4992-AF6A-37ADE31E7C9C} = {A5B80104-F79B-487F-A2EF-3FAEF3DDE5BB}
	EndGlobalSection
	GlobalSection(ExtensibilityGlobals) = postSolution
		SolutionGuid = {767783F3-D6BC-48BB-A42E-9480E22D56C4}
	EndGlobalSection
EndGlobal
